github.com/davecgh/go-spew v1.1.1 h1:vj9j/u1bqnvCEfJOwUhtlOARqs3+rkHYY13jYWTU97c=
github.com/davecgh/go-spew v1.1.1/go.mod h1:J7Y8YcW2NihsgmVo/mv3lAwl/skON4iLHjSsI+c5H38=
github.com/erinpentecost/fltcmp v0.0.0-20181209200347-d4adf86de9b8 h1:5YWGymscvixXNAQZ36ToZqVm6d5O9D1U8wAotr2ktQE=
github.com/erinpentecost/fltcmp v0.0.0-20181209200347-d4adf86de9b8/go.mod h1:6GBL000ejQbuXj9DK/shqh5YxdAatSKSSPlnVb1lKC4=
github.com/fatih/color v1.7.0 h1:DkWD4oS2D8LGGgTQ6IvwJJXSL5Vp2ffcQg58nFV38Ys=
github.com/fatih/color v1.7.0/go.mod h1:Zm6kSWBoL9eyXnKyktHP6abPY2pDugNf5KwzbycvMj4=
github.com/lucasb-eyer/go-colorful v0.0.0-20180526135729-345fbb3dbcdb h1:W9pRldEXciuQ/jOJrMjKb99npnpStT90ntbT1ujXpuo=
github.com/lucasb-eyer/go-colorful v0.0.0-20180526135729-345fbb3dbcdb/go.mod h1:NXg0ArsFk0Y01623LgUqoqcouGDB+PwCCQlrwrG6xJ4=
github.com/mattn/go-colorable v0.0.9 h1:UVL0vNpWh04HeJXV0KLcaT7r06gOH2l4OW6ddYRUIY4=
github.com/mattn/go-colorable v0.0.9/go.mod h1:9vuHe8Xs5qXnSaW/c/ABM9alt+Vo+STaOChaDxuIBZU=
github.com/mattn/go-isatty v0.0.4 h1:bnP0vzxcAdeI1zdubAl5PjU6zsERjGZb7raWodagDYs=
github.com/mattn/go-isatty v0.0.4/go.mod h1:M+lRXTBqGeGNdLjl/ufCoiOlB5xdOkqRJdNxMWT7Zi4=
github.com/pmezard/go-difflib v1.0.0 h1:4DBwDE0NGyQoBHbLQYPwSUPoCMWR5BEzIk/f1lZbAQM=
github.com/pmezard/go-difflib v1.0.0/go.mod h1:iKH77koFhYxTK1pcRnkKkqfTogsbg7gZNVY4sRDYZ/4=
github.com/rakyll/gotest v0.0.0-20180125184505-86f0749cd8cc h1:hrzpgS8mnUi65ieVrD3TKJMxHP84bzmybMTQIdK/XhM=
github.com/rakyll/gotest v0.0.0-20180125184505-86f0749cd8cc/go.mod h1:iln+RRtJaJ52lKwqrSmNgQYw32Fk16CgChX85eFqBgI=
github.com/stretchr/testify v1.2.2 h1:bSDNvY7ZPG5RlJ8otE/7V6gMiyenm9RtJ7IUVIAoJ1w=
github.com/stretchr/testify v1.2.2/go.mod h1:a8OnRcib4nhh0OaRAV+Yts87kKdq0PP7pXfy6kDkUVs=
golang.org/x/image v0.0.0-20181030002151-69cc3646b96e h1:LpHV5J9Rec5OYn+RZFfNenrW109yUVSoKjGOgmKKhxE=
golang.org/x/image v0.0.0-20181030002151-69cc3646b96e/go.mod h1:ux5Hcp/YLpHSI86hEcLt0YII63i6oz57MZXIpbrjZUs=
gopkg.in/DATA-DOG/go-sqlmock.v1 v1.3.0 h1:FVCohIoYO7IJoDDVpV2pdq7SgrMH6wHnuTyrdrxJNoY=
gopkg.in/DATA-DOG/go-sqlmock.v1 v1.3.0/go.mod h1:OdE7CF6DbADk7lN8LIKRzRJTTZXIjtWgA5THM5lhBAw=
